<?xml version="1.0" encoding="UTF-8" standalone="yes" ?>
<CodeBlocks_project_file>
	<FileVersion major="1" minor="6" />
	<Project>
		<Option title="os" />
		<Option pch_mode="2" />
		<Option compiler="gcc" />
		<Build>
			<Target title="Debug">
				<Option output="bin/Debug/os" prefix_auto="1" extension_auto="1" />
				<Option object_output="obj/Debug/" />
				<Option type="1" />
				<Option compiler="gcc" />
				<Compiler>
					<Add option="-g" />
				</Compiler>
			</Target>
		</Build>
		<Compiler>
			<Add option="-Wall" />
		</Compiler>
		<Unit filename="include/debug.h" />
		<Unit filename="include/elf.h" />
		<Unit filename="include/file.h" />
		<Unit filename="include/gdt.h" />
		<Unit filename="include/io.h" />
		<Unit filename="include/kernelio.h" />
		<Unit filename="include/keyboard.h" />
		<Unit filename="include/memlib.h" />
		<Unit filename="include/memory.h" />
		<Unit filename="include/monitor.h" />
		<Unit filename="include/multiboot.h" />
		<Unit filename="include/process.h" />
		<Unit filename="include/string.h" />
		<Unit filename="include/system.h" />
		<Unit filename="include/trap.h" />
		<Unit filename="include/type.h" />
		<Unit filename="src/boot.s" />
		<Unit filename="src/debug.c">
			<Option compilerVar="CC" />
		</Unit>
		<Unit filename="src/elf.c">
			<Option compilerVar="CC" />
		</Unit>
		<Unit filename="src/file.c">
			<Option compilerVar="CC" />
		</Unit>
		<Unit filename="src/gdt.c">
			<Option compilerVar="CC" />
		</Unit>
		<Unit filename="src/gdt_s.s" />
		<Unit filename="src/init.c">
			<Option compilerVar="CC" />
		</Unit>
		<Unit filename="src/kernel.ld" />
		<Unit filename="src/kernelio.c">
			<Option compilerVar="CC" />
		</Unit>
		<Unit filename="src/keyboard.c">
			<Option compilerVar="CC" />
		</Unit>
		<Unit filename="src/memlib.c">
			<Option compilerVar="CC" />
		</Unit>
		<Unit filename="src/memory.c">
			<Option compilerVar="CC" />
		</Unit>
		<Unit filename="src/monitor.c">
			<Option compilerVar="CC" />
		</Unit>
		<Unit filename="src/proc_s.s" />
		<Unit filename="src/process.c">
			<Option compilerVar="CC" />
		</Unit>
		<Unit filename="src/string.c">
			<Option compilerVar="CC" />
		</Unit>
		<Unit filename="src/trap.c">
			<Option compilerVar="CC" />
		</Unit>
		<Unit filename="src/trap_s.s" />
		<Extensions>
			<code_completion />
			<debugger />
		</Extensions>
	</Project>
</CodeBlocks_project_file>
